// !$*UTF8*$!
{
	archiveVersion = 1;
	classes = {
	};
	objectVersion = 55;
	objects = {

/* Begin PBXBuildFile section */
		D269868B282153C4003A97A7 /* AppDelegate.swift in Sources */ = {isa = PBXBuildFile; fileRef = D269868A282153C4003A97A7 /* AppDelegate.swift */; };
		D269868D282153C4003A97A7 /* SceneDelegate.swift in Sources */ = {isa = PBXBuildFile; fileRef = D269868C282153C4003A97A7 /* SceneDelegate.swift */; };
		D269868F282153C4003A97A7 /* ViewController.swift in Sources */ = {isa = PBXBuildFile; fileRef = D269868E282153C4003A97A7 /* ViewController.swift */; };
		D2698692282153C4003A97A7 /* Main.storyboard in Resources */ = {isa = PBXBuildFile; fileRef = D2698690282153C4003A97A7 /* Main.storyboard */; };
		D2698694282153C6003A97A7 /* Assets.xcassets in Resources */ = {isa = PBXBuildFile; fileRef = D2698693282153C6003A97A7 /* Assets.xcassets */; };
		D2698697282153C6003A97A7 /* LaunchScreen.storyboard in Resources */ = {isa = PBXBuildFile; fileRef = D2698695282153C6003A97A7 /* LaunchScreen.storyboard */; };
		D26986A2282153C6003A97A7 /* ItemTagTests.swift in Sources */ = {isa = PBXBuildFile; fileRef = D26986A1282153C6003A97A7 /* ItemTagTests.swift */; };
		D26986AC282153C6003A97A7 /* ItemTagUITests.swift in Sources */ = {isa = PBXBuildFile; fileRef = D26986AB282153C6003A97A7 /* ItemTagUITests.swift */; };
		D26986AE282153C6003A97A7 /* ItemTagUITestsLaunchTests.swift in Sources */ = {isa = PBXBuildFile; fileRef = D26986AD282153C6003A97A7 /* ItemTagUITestsLaunchTests.swift */; };
/* End PBXBuildFile section */

/* Begin PBXContainerItemProxy section */
		D269869E282153C6003A97A7 /* PBXContainerItemProxy */ = {
			isa = PBXContainerItemProxy;
			containerPortal = D269867F282153C3003A97A7 /* Project object */;
			proxyType = 1;
			remoteGlobalIDString = D2698686282153C4003A97A7;
			remoteInfo = ItemTag;
		};
		D26986A8282153C6003A97A7 /* PBXContainerItemProxy */ = {
			isa = PBXContainerItemProxy;
			containerPortal = D269867F282153C3003A97A7 /* Project object */;
			proxyType = 1;
			remoteGlobalIDString = D2698686282153C4003A97A7;
			remoteInfo = ItemTag;
		};
/* End PBXContainerItemProxy section */

/* Begin PBXFileReference section */
		D2698687282153C4003A97A7 /* ItemTag.app */ = {isa = PBXFileReference; explicitFileType = wrapper.application; includeInIndex = 0; path = ItemTag.app; sourceTree = BUILT_PRODUCTS_DIR; };
		D269868A282153C4003A97A7 /* AppDelegate.swift */ = {isa = PBXFileReference; lastKnownFileType = sourcecode.swift; path = AppDelegate.swift; sourceTree = "<group>"; };
		D269868C282153C4003A97A7 /* SceneDelegate.swift */ = {isa = PBXFileReference; lastKnownFileType = sourcecode.swift; path = SceneDelegate.swift; sourceTree = "<group>"; };
		D269868E282153C4003A97A7 /* ViewController.swift */ = {isa = PBXFileReference; lastKnownFileType = sourcecode.swift; path = ViewController.swift; sourceTree = "<group>"; };
		D2698691282153C4003A97A7 /* Base */ = {isa = PBXFileReference; lastKnownFileType = file.storyboard; name = Base; path = Base.lproj/Main.storyboard; sourceTree = "<group>"; };
		D2698693282153C6003A97A7 /* Assets.xcassets */ = {isa = PBXFileReference; lastKnownFileType = folder.assetcatalog; path = Assets.xcassets; sourceTree = "<group>"; };
		D2698696282153C6003A97A7 /* Base */ = {isa = PBXFileReference; lastKnownFileType = file.storyboard; name = Base; path = Base.lproj/LaunchScreen.storyboard; sourceTree = "<group>"; };
		D2698698282153C6003A97A7 /* Info.plist */ = {isa = PBXFileReference; lastKnownFileType = text.plist.xml; path = Info.plist; sourceTree = "<group>"; };
		D269869D282153C6003A97A7 /* ItemTagTests.xctest */ = {isa = PBXFileReference; explicitFileType = wrapper.cfbundle; includeInIndex = 0; path = ItemTagTests.xctest; sourceTree = BUILT_PRODUCTS_DIR; };
		D26986A1282153C6003A97A7 /* ItemTagTests.swift */ = {isa = PBXFileReference; lastKnownFileType = sourcecode.swift; path = ItemTagTests.swift; sourceTree = "<group>"; };
		D26986A7282153C6003A97A7 /* ItemTagUITests.xctest */ = {isa = PBXFileReference; explicitFileType = wrapper.cfbundle; includeInIndex = 0; path = ItemTagUITests.xctest; sourceTree = BUILT_PRODUCTS_DIR; };
		D26986AB282153C6003A97A7 /* ItemTagUITests.swift */ = {isa = PBXFileReference; lastKnownFileType = sourcecode.swift; path = ItemTagUITests.swift; sourceTree = "<group>"; };
		D26986AD282153C6003A97A7 /* ItemTagUITestsLaunchTests.swift */ = {isa = PBXFileReference; lastKnownFileType = sourcecode.swift; path = ItemTagUITestsLaunchTests.swift; sourceTree = "<group>"; };
/* End PBXFileReference section */

/* Begin PBXFrameworksBuildPhase section */
		D2698684282153C4003A97A7 /* Frameworks */ = {
			isa = PBXFrameworksBuildPhase;
			buildActionMask = 2147483647;
			files = (
			);
			runOnlyForDeploymentPostprocessing = 0;
		};
		D269869A282153C6003A97A7 /* Frameworks */ = {
			isa = PBXFrameworksBuildPhase;
			buildActionMask = 2147483647;
			files = (
			);
			runOnlyForDeploymentPostprocessing = 0;
		};
		D26986A4282153C6003A97A7 /* Frameworks */ = {
			isa = PBXFrameworksBuildPhase;
			buildActionMask = 2147483647;
			files = (
			);
			runOnlyForDeploymentPostprocessing = 0;
		};
/* End PBXFrameworksBuildPhase section */

/* Begin PBXGroup section */
		D269867E282153C3003A97A7 = {
			isa = PBXGroup;
			children = (
				D2698689282153C4003A97A7 /* ItemTag */,
				D26986A0282153C6003A97A7 /* ItemTagTests */,
				D26986AA282153C6003A97A7 /* ItemTagUITests */,
				D2698688282153C4003A97A7 /* Products */,
			);
			sourceTree = "<group>";
		};
		D2698688282153C4003A97A7 /* Products */ = {
			isa = PBXGroup;
			children = (
				D2698687282153C4003A97A7 /* ItemTag.app */,
				D269869D282153C6003A97A7 /* ItemTagTests.xctest */,
				D26986A7282153C6003A97A7 /* ItemTagUITests.xctest */,
			);
			name = Products;
			sourceTree = "<group>";
		};
		D2698689282153C4003A97A7 /* ItemTag */ = {
			isa = PBXGroup;
			children = (
				D269868A282153C4003A97A7 /* AppDelegate.swift */,
				D269868C282153C4003A97A7 /* SceneDelegate.swift */,
				D269868E282153C4003A97A7 /* ViewController.swift */,
				D2698690282153C4003A97A7 /* Main.storyboard */,
				D2698693282153C6003A97A7 /* Assets.xcassets */,
				D2698695282153C6003A97A7 /* LaunchScreen.storyboard */,
				D2698698282153C6003A97A7 /* Info.plist */,
			);
			path = ItemTag;
			sourceTree = "<group>";
		};
		D26986A0282153C6003A97A7 /* ItemTagTests */ = {
			isa = PBXGroup;
			children = (
				D26986A1282153C6003A97A7 /* ItemTagTests.swift */,
			);
			path = ItemTagTests;
			sourceTree = "<group>";
		};
		D26986AA282153C6003A97A7 /* ItemTagUITests */ = {
			isa = PBXGroup;
			children = (
				D26986AB282153C6003A97A7 /* ItemTagUITests.swift */,
				D26986AD282153C6003A97A7 /* ItemTagUITestsLaunchTests.swift */,
			);
			path = ItemTagUITests;
			sourceTree = "<group>";
		};
/* End PBXGroup section */

/* Begin PBXNativeTarget section */
		D2698686282153C4003A97A7 /* ItemTag */ = {
			isa = PBXNativeTarget;
			buildConfigurationList = D26986B1282153C6003A97A7 /* Build configuration list for PBXNativeTarget "ItemTag" */;
			buildPhases = (
				D2698683282153C4003A97A7 /* Sources */,
				D2698684282153C4003A97A7 /* Frameworks */,
				D2698685282153C4003A97A7 /* Resources */,
			);
			buildRules = (
			);
			dependencies = (
			);
			name = ItemTag;
			productName = ItemTag;
			productReference = D2698687282153C4003A97A7 /* ItemTag.app */;
			productType = "com.apple.product-type.application";
		};
		D269869C282153C6003A97A7 /* ItemTagTests */ = {
			isa = PBXNativeTarget;
			buildConfigurationList = D26986B4282153C6003A97A7 /* Build configuration list for PBXNativeTarget "ItemTagTests" */;
			buildPhases = (
				D2698699282153C6003A97A7 /* Sources */,
				D269869A282153C6003A97A7 /* Frameworks */,
				D269869B282153C6003A97A7 /* Resources */,
			);
			buildRules = (
			);
			dependencies = (
				D269869F282153C6003A97A7 /* PBXTargetDependency */,
			);
			name = ItemTagTests;
			productName = ItemTagTests;
			productReference = D269869D282153C6003A97A7 /* ItemTagTests.xctest */;
			productType = "com.apple.product-type.bundle.unit-test";
		};
		D26986A6282153C6003A97A7 /* ItemTagUITests */ = {
			isa = PBXNativeTarget;
			buildConfigurationList = D26986B7282153C6003A97A7 /* Build configuration list for PBXNativeTarget "ItemTagUITests" */;
			buildPhases = (
				D26986A3282153C6003A97A7 /* Sources */,
				D26986A4282153C6003A97A7 /* Frameworks */,
				D26986A5282153C6003A97A7 /* Resources */,
			);
			buildRules = (
			);
			dependencies = (
				D26986A9282153C6003A97A7 /* PBXTargetDependency */,
			);
			name = ItemTagUITests;
			productName = ItemTagUITests;
			productReference = D26986A7282153C6003A97A7 /* ItemTagUITests.xctest */;
			productType = "com.apple.product-type.bundle.ui-testing";
		};
/* End PBXNativeTarget section */

/* Begin PBXProject section */
		D269867F282153C3003A97A7 /* Project object */ = {
			isa = PBXProject;
			attributes = {
				BuildIndependentTargetsInParallel = 1;
				LastSwiftUpdateCheck = 1320;
				LastUpgradeCheck = 1320;
				TargetAttributes = {
					D2698686282153C4003A97A7 = {
						CreatedOnToolsVersion = 13.2.1;
					};
					D269869C282153C6003A97A7 = {
						CreatedOnToolsVersion = 13.2.1;
						TestTargetID = D2698686282153C4003A97A7;
					};
					D26986A6282153C6003A97A7 = {
						CreatedOnToolsVersion = 13.2.1;
						TestTargetID = D2698686282153C4003A97A7;
					};
				};
			};
			buildConfigurationList = D2698682282153C3003A97A7 /* Build configuration list for PBXProject "ItemTag" */;
			compatibilityVersion = "Xcode 13.0";
			developmentRegion = en;
			hasScannedForEncodings = 0;
			knownRegions = (
				en,
				Base,
			);
			mainGroup = D269867E282153C3003A97A7;
			productRefGroup = D2698688282153C4003A97A7 /* Products */;
			projectDirPath = "";
			projectRoot = "";
			targets = (
				D2698686282153C4003A97A7 /* ItemTag */,
				D269869C282153C6003A97A7 /* ItemTagTests */,
				D26986A6282153C6003A97A7 /* ItemTagUITests */,
			);
		};
/* End PBXProject section */

/* Begin PBXResourcesBuildPhase section */
		D2698685282153C4003A97A7 /* Resources */ = {
			isa = PBXResourcesBuildPhase;
			buildActionMask = 2147483647;
			files = (
				D2698697282153C6003A97A7 /* LaunchScreen.storyboard in Resources */,
				D2698694282153C6003A97A7 /* Assets.xcassets in Resources */,
				D2698692282153C4003A97A7 /* Main.storyboard in Resources */,
			);
			runOnlyForDeploymentPostprocessing = 0;
		};
		D269869B282153C6003A97A7 /* Resources */ = {
			isa = PBXResourcesBuildPhase;
			buildActionMask = 2147483647;
			files = (
			);
			runOnlyForDeploymentPostprocessing = 0;
		};
		D26986A5282153C6003A97A7 /* Resources */ = {
			isa = PBXResourcesBuildPhase;
			buildActionMask = 2147483647;
			files = (
			);
			runOnlyForDeploymentPostprocessing = 0;
		};
/* End PBXResourcesBuildPhase section */

/* Begin PBXSourcesBuildPhase section */
		D2698683282153C4003A97A7 /* Sources */ = {
			isa = PBXSourcesBuildPhase;
			buildActionMask = 2147483647;
			files = (
				D269868F282153C4003A97A7 /* ViewController.swift in Sources */,
				D269868B282153C4003A97A7 /* AppDelegate.swift in Sources */,
				D269868D282153C4003A97A7 /* SceneDelegate.swift in Sources */,
			);
			runOnlyForDeploymentPostprocessing = 0;
		};
		D2698699282153C6003A97A7 /* Sources */ = {
			isa = PBXSourcesBuildPhase;
			buildActionMask = 2147483647;
			files = (
				D26986A2282153C6003A97A7 /* ItemTagTests.swift in Sources */,
			);
			runOnlyForDeploymentPostprocessing = 0;
		};
		D26986A3282153C6003A97A7 /* Sources */ = {
			isa = PBXSourcesBuildPhase;
			buildActionMask = 2147483647;
			files = (
				D26986AE282153C6003A97A7 /* ItemTagUITestsLaunchTests.swift in Sources */,
				D26986AC282153C6003A97A7 /* ItemTagUITests.swift in Sources */,
			);
			runOnlyForDeploymentPostprocessing = 0;
		};
/* End PBXSourcesBuildPhase section */

/* Begin PBXTargetDependency section */
		D269869F282153C6003A97A7 /* PBXTargetDependency */ = {
			isa = PBXTargetDependency;
			target = D2698686282153C4003A97A7 /* ItemTag */;
			targetProxy = D269869E282153C6003A97A7 /* PBXContainerItemProxy */;
		};
		D26986A9282153C6003A97A7 /* PBXTargetDependency */ = {
			isa = PBXTargetDependency;
			target = D2698686282153C4003A97A7 /* ItemTag */;
			targetProxy = D26986A8282153C6003A97A7 /* PBXContainerItemProxy */;
		};
/* End PBXTargetDependency section */

/* Begin PBXVariantGroup section */
		D2698690282153C4003A97A7 /* Main.storyboard */ = {
			isa = PBXVariantGroup;
			children = (
				D2698691282153C4003A97A7 /* Base */,
			);
			name = Main.storyboard;
			sourceTree = "<group>";
		};
		D2698695282153C6003A97A7 /* LaunchScreen.storyboard */ = {
			isa = PBXVariantGroup;
			children = (
				D2698696282153C6003A97A7 /* Base */,
			);
			name = LaunchScreen.storyboard;
			sourceTree = "<group>";
		};
/* End PBXVariantGroup section */

/* Begin XCBuildConfiguration section */
		D26986AF282153C6003A97A7 /* Debug */ = {
			isa = XCBuildConfiguration;
			buildSettings = {
				ALWAYS_SEARCH_USER_PATHS = NO;
				CLANG_ANALYZER_NONNULL = YES;
				CLANG_ANALYZER_NUMBER_OBJECT_CONVERSION = YES_AGGRESSIVE;
				CLANG_CXX_LANGUAGE_STANDARD = "gnu++17";
				CLANG_CXX_LIBRARY = "libc++";
				CLANG_ENABLE_MODULES = YES;
				CLANG_ENABLE_OBJC_ARC = YES;
				CLANG_ENABLE_OBJC_WEAK = YES;
				CLANG_WARN_BLOCK_CAPTURE_AUTORELEASING = YES;
				CLANG_WARN_BOOL_CONVERSION = YES;
				CLANG_WARN_COMMA = YES;
				CLANG_WARN_CONSTANT_CONVERSION = YES;
				CLANG_WARN_DEPRECATED_OBJC_IMPLEMENTATIONS = YES;
				CLANG_WARN_DIRECT_OBJC_ISA_USAGE = YES_ERROR;
				CLANG_WARN_DOCUMENTATION_COMMENTS = YES;
				CLANG_WARN_EMPTY_BODY = YES;
				CLANG_WARN_ENUM_CONVERSION = YES;
				CLANG_WARN_INFINITE_RECURSION = YES;
				CLANG_WARN_INT_CONVERSION = YES;
				CLANG_WARN_NON_LITERAL_NULL_CONVERSION = YES;
				CLANG_WARN_OBJC_IMPLICIT_RETAIN_SELF = YES;
				CLANG_WARN_OBJC_LITERAL_CONVERSION = YES;
				CLANG_WARN_OBJC_ROOT_CLASS = YES_ERROR;
				CLANG_WARN_QUOTED_INCLUDE_IN_FRAMEWORK_HEADER = YES;
				CLANG_WARN_RANGE_LOOP_ANALYSIS = YES;
				CLANG_WARN_STRICT_PROTOTYPES = YES;
				CLANG_WARN_SUSPICIOUS_MOVE = YES;
				CLANG_WARN_UNGUARDED_AVAILABILITY = YES_AGGRESSIVE;
				CLANG_WARN_UNREACHABLE_CODE = YES;
				CLANG_WARN__DUPLICATE_METHOD_MATCH = YES;
				COPY_PHASE_STRIP = NO;
				DEBUG_INFORMATION_FORMAT = dwarf;
				ENABLE_STRICT_OBJC_MSGSEND = YES;
				ENABLE_TESTABILITY = YES;
				GCC_C_LANGUAGE_STANDARD = gnu11;
				GCC_DYNAMIC_NO_PIC = NO;
				GCC_NO_COMMON_BLOCKS = YES;
				GCC_OPTIMIZATION_LEVEL = 0;
				GCC_PREPROCESSOR_DEFINITIONS = (
					"DEBUG=1",
					"$(inherited)",
				);
				GCC_WARN_64_TO_32_BIT_CONVERSION = YES;
				GCC_WARN_ABOUT_RETURN_TYPE = YES_ERROR;
				GCC_WARN_UNDECLARED_SELECTOR = YES;
				GCC_WARN_UNINITIALIZED_AUTOS = YES_AGGRESSIVE;
				GCC_WARN_UNUSED_FUNCTION = YES;
				GCC_WARN_UNUSED_VARIABLE = YES;
				IPHONEOS_DEPLOYMENT_TARGET = 15.2;
				MTL_ENABLE_DEBUG_INFO = INCLUDE_SOURCE;
				MTL_FAST_MATH = YES;
				ONLY_ACTIVE_ARCH = YES;
				SDKROOT = iphoneos;
				SWIFT_ACTIVE_COMPILATION_CONDITIONS = DEBUG;
				SWIFT_OPTIMIZATION_LEVEL = "-Onone";
			};
			name = Debug;
		};
		D26986B0282153C6003A97A7 /* Release */ = {
			isa = XCBuildConfiguration;
			buildSettings = {
				ALWAYS_SEARCH_USER_PATHS = NO;
				CLANG_ANALYZER_NONNULL = YES;
				CLANG_ANALYZER_NUMBER_OBJECT_CONVERSION = YES_AGGRESSIVE;
				CLANG_CXX_LANGUAGE_STANDARD = "gnu++17";
				CLANG_CXX_LIBRARY = "libc++";
				CLANG_ENABLE_MODULES = YES;
				CLANG_ENABLE_OBJC_ARC = YES;
				CLANG_ENABLE_OBJC_WEAK = YES;
				CLANG_WARN_BLOCK_CAPTURE_AUTORELEASING = YES;
				CLANG_WARN_BOOL_CONVERSION = YES;
				CLANG_WARN_COMMA = YES;
				CLANG_WARN_CONSTANT_CONVERSION = YES;
				CLANG_WARN_DEPRECATED_OBJC_IMPLEMENTATIONS = YES;
				CLANG_WARN_DIRECT_OBJC_ISA_USAGE = YES_ERROR;
				CLANG_WARN_DOCUMENTATION_COMMENTS = YES;
				CLANG_WARN_EMPTY_BODY = YES;
				CLANG_WARN_ENUM_CONVERSION = YES;
				CLANG_WARN_INFINITE_RECURSION = YES;
				CLANG_WARN_INT_CONVERSION = YES;
				CLANG_WARN_NON_LITERAL_NULL_CONVERSION = YES;
				CLANG_WARN_OBJC_IMPLICIT_RETAIN_SELF = YES;
				CLANG_WARN_OBJC_LITERAL_CONVERSION = YES;
				CLANG_WARN_OBJC_ROOT_CLASS = YES_ERROR;
				CLANG_WARN_QUOTED_INCLUDE_IN_FRAMEWORK_HEADER = YES;
				CLANG_WARN_RANGE_LOOP_ANALYSIS = YES;
				CLANG_WARN_STRICT_PROTOTYPES = YES;
				CLANG_WARN_SUSPICIOUS_MOVE = YES;
				CLANG_WARN_UNGUARDED_AVAILABILITY = YES_AGGRESSIVE;
				CLANG_WARN_UNREACHABLE_CODE = YES;
				CLANG_WARN__DUPLICATE_METHOD_MATCH = YES;
				COPY_PHASE_STRIP = NO;
				DEBUG_INFORMATION_FORMAT = "dwarf-with-dsym";
				ENABLE_NS_ASSERTIONS = NO;
				ENABLE_STRICT_OBJC_MSGSEND = YES;
				GCC_C_LANGUAGE_STANDARD = gnu11;
				GCC_NO_COMMON_BLOCKS = YES;
				GCC_WARN_64_TO_32_BIT_CONVERSION = YES;
				GCC_WARN_ABOUT_RETURN_TYPE = YES_ERROR;
				GCC_WARN_UNDECLARED_SELECTOR = YES;
				GCC_WARN_UNINITIALIZED_AUTOS = YES_AGGRESSIVE;
				GCC_WARN_UNUSED_FUNCTION = YES;
				GCC_WARN_UNUSED_VARIABLE = YES;
				IPHONEOS_DEPLOYMENT_TARGET = 15.2;
				MTL_ENABLE_DEBUG_INFO = NO;
				MTL_FAST_MATH = YES;
				SDKROOT = iphoneos;
				SWIFT_COMPILATION_MODE = wholemodule;
				SWIFT_OPTIMIZATION_LEVEL = "-O";
				VALIDATE_PRODUCT = YES;
			};
			name = Release;
		};
		D26986B2282153C6003A97A7 /* Debug */ = {
			isa = XCBuildConfiguration;
			buildSettings = {
				ASSETCATALOG_COMPILER_APPICON_NAME = AppIcon;
				ASSETCATALOG_COMPILER_GLOBAL_ACCENT_COLOR_NAME = AccentColor;
				CODE_SIGN_STYLE = Automatic;
				CURRENT_PROJECT_VERSION = 1;
				DEVELOPMENT_TEAM = BJ2PB4LY28;
				GENERATE_INFOPLIST_FILE = YES;
				INFOPLIST_FILE = ItemTag/Info.plist;
				INFOPLIST_KEY_UIApplicationSupportsIndirectInputEvents = YES;
				INFOPLIST_KEY_UILaunchStoryboardName = LaunchScreen;
				INFOPLIST_KEY_UIMainStoryboardFile = Main;
				INFOPLIST_KEY_UISupportedInterfaceOrientations_iPad = "UIInterfaceOrientationPortrait UIInterfaceOrientationPortraitUpsideDown UIInterfaceOrientationLandscapeLeft UIInterfaceOrientationLandscapeRight";
				INFOPLIST_KEY_UISupportedInterfaceOrientations_iPhone = "UIInterfaceOrientationPortrait UIInterfaceOrientationLandscapeLeft UIInterfaceOrientationLandscapeRight";
				LD_RUNPATH_SEARCH_PATHS = (
					"$(inherited)",
					"@executable_path/Frameworks",
				);
				MARKETING_VERSION = 1.0;
				PRODUCT_BUNDLE_IDENTIFIER = yxli2123.ItemTag;
				PRODUCT_NAME = "$(TARGET_NAME)";
				SWIFT_EMIT_LOC_STRINGS = YES;
				SWIFT_VERSION = 5.0;
				TARGETED_DEVICE_FAMILY = "1,2";
			};
			name = Debug;
		};
		D26986B3282153C6003A97A7 /* Release */ = {
			isa = XCBuildConfiguration;
			buildSettings = {
				ASSETCATALOG_COMPILER_APPICON_NAME = AppIcon;
				ASSETCATALOG_COMPILER_GLOBAL_ACCENT_COLOR_NAME = AccentColor;
				CODE_SIGN_STYLE = Automatic;
				CURRENT_PROJECT_VERSION = 1;
				DEVELOPMENT_TEAM = BJ2PB4LY28;
				GENERATE_INFOPLIST_FILE = YES;
				INFOPLIST_FILE = ItemTag/Info.plist;
				INFOPLIST_KEY_UIApplicationSupportsIndirectInputEvents = YES;
				INFOPLIST_KEY_UILaunchStoryboardName = LaunchScreen;
				INFOPLIST_KEY_UIMainStoryboardFile = Main;
				INFOPLIST_KEY_UISupportedInterfaceOrientations_iPad = "UIInterfaceOrientationPortrait UIInterfaceOrientationPortraitUpsideDown UIInterfaceOrientationLandscapeLeft UIInterfaceOrientationLandscapeRight";
				INFOPLIST_KEY_UISupportedInterfaceOrientations_iPhone = "UIInterfaceOrientationPortrait UIInterfaceOrientationLandscapeLeft UIInterfaceOrientationLandscapeRight";
				LD_RUNPATH_SEARCH_PATHS = (
					"$(inherited)",
					"@executable_path/Frameworks",
				);
				MARKETING_VERSION = 1.0;
				PRODUCT_BUNDLE_IDENTIFIER = yxli2123.ItemTag;
				PRODUCT_NAME = "$(TARGET_NAME)";
				SWIFT_EMIT_LOC_STRINGS = YES;
				SWIFT_VERSION = 5.0;
				TARGETED_DEVICE_FAMILY = "1,2";
			};
			name = Release;
		};
		D26986B5282153C6003A97A7 /* Debug */ = {
			isa = XCBuildConfiguration;
			buildSettings = {
				ALWAYS_EMBED_SWIFT_STANDARD_LIBRARIES = YES;
				BUNDLE_LOADER = "$(TEST_HOST)";
				CODE_SIGN_STYLE = Automatic;
				CURRENT_PROJECT_VERSION = 1;
				DEVELOPMENT_TEAM = BJ2PB4LY28;
				GENERATE_INFOPLIST_FILE = YES;
				IPHONEOS_DEPLOYMENT_TARGET = 15.2;
				MARKETING_VERSION = 1.0;
				PRODUCT_BUNDLE_IDENTIFIER = yxli2123.ItemTagTests;
				PRODUCT_NAME = "$(TARGET_NAME)";
				SWIFT_EMIT_LOC_STRINGS = NO;
				SWIFT_VERSION = 5.0;
				TARGETED_DEVICE_FAMILY = "1,2";
				TEST_HOST = "$(BUILT_PRODUCTS_DIR)/ItemTag.app/ItemTag";
			};
			name = Debug;
		};
		D26986B6282153C6003A97A7 /* Release */ = {
			isa = XCBuildConfiguration;
			buildSettings = {
				ALWAYS_EMBED_SWIFT_STANDARD_LIBRARIES = YES;
				BUNDLE_LOADER = "$(TEST_HOST)";
				CODE_SIGN_STYLE = Automatic;
				CURRENT_PROJECT_VERSION = 1;
				DEVELOPMENT_TEAM = BJ2PB4LY28;
				GENERATE_INFOPLIST_FILE = YES;
				IPHONEOS_DEPLOYMENT_TARGET = 15.2;
				MARKETING_VERSION = 1.0;
				PRODUCT_BUNDLE_IDENTIFIER = yxli2123.ItemTagTests;
				PRODUCT_NAME = "$(TARGET_NAME)";
				SWIFT_EMIT_LOC_STRINGS = NO;
				SWIFT_VERSION = 5.0;
				TARGETED_DEVICE_FAMILY = "1,2";
				TEST_HOST = "$(BUILT_PRODUCTS_DIR)/ItemTag.app/ItemTag";
			};
			name = Release;
		};
		D26986B8282153C6003A97A7 /* Debug */ = {
			isa = XCBuildConfiguration;
			buildSettings = {
				ALWAYS_EMBED_SWIFT_STANDARD_LIBRARIES = YES;
				CODE_SIGN_STYLE = Automatic;
				CURRENT_PROJECT_VERSION = 1;
				DEVELOPMENT_TEAM = BJ2PB4LY28;
				GENERATE_INFOPLIST_FILE = YES;
				MARKETING_VERSION = 1.0;
				PRODUCT_BUNDLE_IDENTIFIER = yxli2123.ItemTagUITests;
				PRODUCT_NAME = "$(TARGET_NAME)";
				SWIFT_EMIT_LOC_STRINGS = NO;
				SWIFT_VERSION = 5.0;
				TARGETED_DEVICE_FAMILY = "1,2";
				TEST_TARGET_NAME = ItemTag;
			};
			name = Debug;
		};
		D26986B9282153C6003A97A7 /* Release */ = {
			isa = XCBuildConfiguration;
			buildSettings = {
				ALWAYS_EMBED_SWIFT_STANDARD_LIBRARIES = YES;
				CODE_SIGN_STYLE = Automatic;
				CURRENT_PROJECT_VERSION = 1;
				DEVELOPMENT_TEAM = BJ2PB4LY28;
				GENERATE_INFOPLIST_FILE = YES;
				MARKETING_VERSION = 1.0;
				PRODUCT_BUNDLE_IDENTIFIER = yxli2123.ItemTagUITests;
				PRODUCT_NAME = "$(TARGET_NAME)";
				SWIFT_EMIT_LOC_STRINGS = NO;
				SWIFT_VERSION = 5.0;
				TARGETED_DEVICE_FAMILY = "1,2";
				TEST_TARGET_NAME = ItemTag;
			};
			name = Release;
		};
/* End XCBuildConfiguration section */

/* Begin XCConfigurationList section */
		D2698682282153C3003A97A7 /* Build configuration list for PBXProject "ItemTag" */ = {
			isa = XCConfigurationList;
			buildConfigurations = (
				D26986AF282153C6003A97A7 /* Debug */,
				D26986B0282153C6003A97A7 /* Release */,
			);
			defaultConfigurationIsVisible = 0;
			defaultConfigurationName = Release;
		};
		D26986B1282153C6003A97A7 /* Build configuration list for PBXNativeTarget "ItemTag" */ = {
			isa = XCConfigurationList;
			buildConfigurations = (
				D26986B2282153C6003A97A7 /* Debug */,
				D26986B3282153C6003A97A7 /* Release */,
			);
			defaultConfigurationIsVisible = 0;
			defaultConfigurationName = Release;
		};
		D26986B4282153C6003A97A7 /* Build configuration list for PBXNativeTarget "ItemTagTests" */ = {
			isa = XCConfigurationList;
			buildConfigurations = (
				D26986B5282153C6003A97A7 /* Debug */,
				D26986B6282153C6003A97A7 /* Release */,
			);
			defaultConfigurationIsVisible = 0;
			defaultConfigurationName = Release;
		};
		D26986B7282153C6003A97A7 /* Build configuration list for PBXNativeTarget "ItemTagUITests" */ = {
			isa = XCConfigurationList;
			buildConfigurations = (
				D26986B8282153C6003A97A7 /* Debug */,
				D26986B9282153C6003A97A7 /* Release */,
			);
			defaultConfigurationIsVisible = 0;
			defaultConfigurationName = Release;
		};
/* End XCConfigurationList section */
	};
	rootObject = D269867F282153C3003A97A7 /* Project object */;
}
